# NOTE: No changes applied.
# The reported duplication is within pnpm-lock.yaml package metadata entries.
# pnpm lockfiles are generated artifacts and do not support extracting shared YAML anchors/modules
# in a way that consumers import/reuse across entries while preserving valid pnpm lockfile semantics.
# Refactoring this into a shared file would invalidate the lockfile format and break tooling.
